// !$*UTF8*$!
{
	archiveVersion = 1;
	classes = {
	};
	objectVersion = 56;
	objects = {

/* Begin PBXBuildFile section */
		5B01E45E2AFFE08600C4BD58 /* SunWaveApp.swift in Sources */ = {isa = PBXBuildFile; fileRef = 5B01E45D2AFFE08600C4BD58 /* SunWaveApp.swift */; };
		5B01E4602AFFE08600C4BD58 /* SunWaveView.swift in Sources */ = {isa = PBXBuildFile; fileRef = 5B01E45F2AFFE08600C4BD58 /* SunWaveView.swift */; };
		5B01E4622AFFE08700C4BD58 /* Assets.xcassets in Resources */ = {isa = PBXBuildFile; fileRef = 5B01E4612AFFE08700C4BD58 /* Assets.xcassets */; };
		5B01E4662AFFE08700C4BD58 /* Preview Assets.xcassets in Resources */ = {isa = PBXBuildFile; fileRef = 5B01E4652AFFE08700C4BD58 /* Preview Assets.xcassets */; };
		5B48B8DF2B017F0000324583 /* ChartView.swift in Sources */ = {isa = PBXBuildFile; fileRef = 5B48B8DE2B017F0000324583 /* ChartView.swift */; };
		5B48B8E12B017F3700324583 /* StartButton.swift in Sources */ = {isa = PBXBuildFile; fileRef = 5B48B8E02B017F3700324583 /* StartButton.swift */; };
		5B48B8E32B017F5200324583 /* InfoDetailView.swift in Sources */ = {isa = PBXBuildFile; fileRef = 5B48B8E22B017F5200324583 /* InfoDetailView.swift */; };
		5B48B8E52B017F8200324583 /* SunWaveViewModel.swift in Sources */ = {isa = PBXBuildFile; fileRef = 5B48B8E42B017F8200324583 /* SunWaveViewModel.swift */; };
		911994772B02B17F0063D1DC /* CardView.swift in Sources */ = {isa = PBXBuildFile; fileRef = 911994762B02B17F0063D1DC /* CardView.swift */; };
/* End PBXBuildFile section */

/* Begin PBXFileReference section */
		5B01E45A2AFFE08600C4BD58 /* SunWave.app */ = {isa = PBXFileReference; explicitFileType = wrapper.application; includeInIndex = 0; path = SunWave.app; sourceTree = BUILT_PRODUCTS_DIR; };
		5B01E45D2AFFE08600C4BD58 /* SunWaveApp.swift */ = {isa = PBXFileReference; lastKnownFileType = sourcecode.swift; path = SunWaveApp.swift; sourceTree = "<group>"; };
		5B01E45F2AFFE08600C4BD58 /* SunWaveView.swift */ = {isa = PBXFileReference; lastKnownFileType = sourcecode.swift; path = SunWaveView.swift; sourceTree = "<group>"; };
		5B01E4612AFFE08700C4BD58 /* Assets.xcassets */ = {isa = PBXFileReference; lastKnownFileType = folder.assetcatalog; path = Assets.xcassets; sourceTree = "<group>"; };
		5B01E4632AFFE08700C4BD58 /* SunWave.entitlements */ = {isa = PBXFileReference; lastKnownFileType = text.plist.entitlements; path = SunWave.entitlements; sourceTree = "<group>"; };
		5B01E4652AFFE08700C4BD58 /* Preview Assets.xcassets */ = {isa = PBXFileReference; lastKnownFileType = folder.assetcatalog; path = "Preview Assets.xcassets"; sourceTree = "<group>"; };
		5B48B8DE2B017F0000324583 /* ChartView.swift */ = {isa = PBXFileReference; lastKnownFileType = sourcecode.swift; path = ChartView.swift; sourceTree = "<group>"; };
		5B48B8E02B017F3700324583 /* StartButton.swift */ = {isa = PBXFileReference; lastKnownFileType = sourcecode.swift; path = StartButton.swift; sourceTree = "<group>"; };
		5B48B8E22B017F5200324583 /* InfoDetailView.swift */ = {isa = PBXFileReference; lastKnownFileType = sourcecode.swift; path = InfoDetailView.swift; sourceTree = "<group>"; };
		5B48B8E42B017F8200324583 /* SunWaveViewModel.swift */ = {isa = PBXFileReference; lastKnownFileType = sourcecode.swift; path = SunWaveViewModel.swift; sourceTree = "<group>"; };
		911994762B02B17F0063D1DC /* CardView.swift */ = {isa = PBXFileReference; lastKnownFileType = sourcecode.swift; path = CardView.swift; sourceTree = "<group>"; };
/* End PBXFileReference section */

/* Begin PBXFrameworksBuildPhase section */
		5B01E4572AFFE08600C4BD58 /* Frameworks */ = {
			isa = PBXFrameworksBuildPhase;
			buildActionMask = 2147483647;
			files = (
			);
			runOnlyForDeploymentPostprocessing = 0;
		};
/* End PBXFrameworksBuildPhase section */

/* Begin PBXGroup section */
		5B01E4512AFFE08600C4BD58 = {
			isa = PBXGroup;
			children = (
				5B01E45C2AFFE08600C4BD58 /* SunWave */,
				5B01E45B2AFFE08600C4BD58 /* Products */,
			);
			sourceTree = "<group>";
		};
		5B01E45B2AFFE08600C4BD58 /* Products */ = {
			isa = PBXGroup;
			children = (
				5B01E45A2AFFE08600C4BD58 /* SunWave.app */,
			);
			name = Products;
			sourceTree = "<group>";
		};
		5B01E45C2AFFE08600C4BD58 /* SunWave */ = {
			isa = PBXGroup;
			children = (
				5B48B8DB2B017E9800324583 /* SunWave */,
				5B01E45D2AFFE08600C4BD58 /* SunWaveApp.swift */,
				5B01E4612AFFE08700C4BD58 /* Assets.xcassets */,
				5B01E4632AFFE08700C4BD58 /* SunWave.entitlements */,
				5B01E4642AFFE08700C4BD58 /* Preview Content */,
			);
			path = SunWave;
			sourceTree = "<group>";
		};
		5B01E4642AFFE08700C4BD58 /* Preview Content */ = {
			isa = PBXGroup;
			children = (
				5B01E4652AFFE08700C4BD58 /* Preview Assets.xcassets */,
			);
			path = "Preview Content";
			sourceTree = "<group>";
		};
		5B48B8DB2B017E9800324583 /* SunWave */ = {
			isa = PBXGroup;
			children = (
				5B01E45F2AFFE08600C4BD58 /* SunWaveView.swift */,
				5B48B8DD2B017ECF00324583 /* SubViews */,
				5B48B8DC2B017EC500324583 /* Model */,
			);
			path = SunWave;
			sourceTree = "<group>";
		};
		5B48B8DC2B017EC500324583 /* Model */ = {
			isa = PBXGroup;
			children = (
				5B48B8E42B017F8200324583 /* SunWaveViewModel.swift */,
			);
			path = Model;
			sourceTree = "<group>";
		};
		5B48B8DD2B017ECF00324583 /* SubViews */ = {
			isa = PBXGroup;
			children = (
				5B48B8DE2B017F0000324583 /* ChartView.swift */,
				911994762B02B17F0063D1DC /* CardView.swift */,
				5B48B8E02B017F3700324583 /* StartButton.swift */,
				5B48B8E22B017F5200324583 /* InfoDetailView.swift */,
			);
			path = SubViews;
			sourceTree = "<group>";
		};
/* End PBXGroup section */

/* Begin PBXNativeTarget section */
		5B01E4592AFFE08600C4BD58 /* SunWave */ = {
			isa = PBXNativeTarget;
			buildConfigurationList = 5B01E4692AFFE08700C4BD58 /* Build configuration list for PBXNativeTarget "SunWave" */;
			buildPhases = (
				5B01E4562AFFE08600C4BD58 /* Sources */,
				5B01E4572AFFE08600C4BD58 /* Frameworks */,
				5B01E4582AFFE08600C4BD58 /* Resources */,
			);
			buildRules = (
			);
			dependencies = (
			);
			name = SunWave;
			productName = SunWave;
			productReference = 5B01E45A2AFFE08600C4BD58 /* SunWave.app */;
			productType = "com.apple.product-type.application";
		};
/* End PBXNativeTarget section */

/* Begin PBXProject section */
		5B01E4522AFFE08600C4BD58 /* Project object */ = {
			isa = PBXProject;
			attributes = {
				BuildIndependentTargetsInParallel = 1;
				LastSwiftUpdateCheck = 1500;
				LastUpgradeCheck = 1500;
				TargetAttributes = {
					5B01E4592AFFE08600C4BD58 = {
						CreatedOnToolsVersion = 15.0;
					};
				};
			};
			buildConfigurationList = 5B01E4552AFFE08600C4BD58 /* Build configuration list for PBXProject "SunWave" */;
			compatibilityVersion = "Xcode 14.0";
			developmentRegion = en;
			hasScannedForEncodings = 0;
			knownRegions = (
				en,
				Base,
			);
			mainGroup = 5B01E4512AFFE08600C4BD58;
			productRefGroup = 5B01E45B2AFFE08600C4BD58 /* Products */;
			projectDirPath = "";
			projectRoot = "";
			targets = (
				5B01E4592AFFE08600C4BD58 /* SunWave */,
			);
		};
/* End PBXProject section */

/* Begin PBXResourcesBuildPhase section */
		5B01E4582AFFE08600C4BD58 /* Resources */ = {
			isa = PBXResourcesBuildPhase;
			buildActionMask = 2147483647;
			files = (
				5B01E4662AFFE08700C4BD58 /* Preview Assets.xcassets in Resources */,
				5B01E4622AFFE08700C4BD58 /* Assets.xcassets in Resources */,
			);
			runOnlyForDeploymentPostprocessing = 0;
		};
/* End PBXResourcesBuildPhase section */

/* Begin PBXSourcesBuildPhase section */
		5B01E4562AFFE08600C4BD58 /* Sources */ = {
			isa = PBXSourcesBuildPhase;
			buildActionMask = 2147483647;
			files = (
				911994772B02B17F0063D1DC /* CardView.swift in Sources */,
				5B48B8E32B017F5200324583 /* InfoDetailView.swift in Sources */,
				5B01E4602AFFE08600C4BD58 /* SunWaveView.swift in Sources */,
				5B48B8E52B017F8200324583 /* SunWaveViewModel.swift in Sources */,
				5B01E45E2AFFE08600C4BD58 /* SunWaveApp.swift in Sources */,
				5B48B8E12B017F3700324583 /* StartButton.swift in Sources */,
				5B48B8DF2B017F0000324583 /* ChartView.swift in Sources */,
			);
			runOnlyForDeploymentPostprocessing = 0;
		};
/* End PBXSourcesBuildPhase section */

/* Begin XCBuildConfiguration section */
		5B01E4672AFFE08700C4BD58 /* Debug */ = {
			isa = XCBuildConfiguration;
			buildSettings = {
				ALWAYS_SEARCH_USER_PATHS = NO;
				ASSETCATALOG_COMPILER_GENERATE_SWIFT_ASSET_SYMBOL_EXTENSIONS = YES;
				CLANG_ANALYZER_NONNULL = YES;
				CLANG_ANALYZER_NUMBER_OBJECT_CONVERSION = YES_AGGRESSIVE;
				CLANG_CXX_LANGUAGE_STANDARD = "gnu++20";
				CLANG_ENABLE_MODULES = YES;
				CLANG_ENABLE_OBJC_ARC = YES;
				CLANG_ENABLE_OBJC_WEAK = YES;
				CLANG_WARN_BLOCK_CAPTURE_AUTORELEASING = YES;
				CLANG_WARN_BOOL_CONVERSION = YES;
				CLANG_WARN_COMMA = YES;
				CLANG_WARN_CONSTANT_CONVERSION = YES;
				CLANG_WARN_DEPRECATED_OBJC_IMPLEMENTATIONS = YES;
				CLANG_WARN_DIRECT_OBJC_ISA_USAGE = YES_ERROR;
				CLANG_WARN_DOCUMENTATION_COMMENTS = YES;
				CLANG_WARN_EMPTY_BODY = YES;
				CLANG_WARN_ENUM_CONVERSION = YES;
				CLANG_WARN_INFINITE_RECURSION = YES;
				CLANG_WARN_INT_CONVERSION = YES;
				CLANG_WARN_NON_LITERAL_NULL_CONVERSION = YES;
				CLANG_WARN_OBJC_IMPLICIT_RETAIN_SELF = YES;
				CLANG_WARN_OBJC_LITERAL_CONVERSION = YES;
				CLANG_WARN_OBJC_ROOT_CLASS = YES_ERROR;
				CLANG_WARN_QUOTED_INCLUDE_IN_FRAMEWORK_HEADER = YES;
				CLANG_WARN_RANGE_LOOP_ANALYSIS = YES;
				CLANG_WARN_STRICT_PROTOTYPES = YES;
				CLANG_WARN_SUSPICIOUS_MOVE = YES;
				CLANG_WARN_UNGUARDED_AVAILABILITY = YES_AGGRESSIVE;
				CLANG_WARN_UNREACHABLE_CODE = YES;
				CLANG_WARN__DUPLICATE_METHOD_MATCH = YES;
				COPY_PHASE_STRIP = NO;
				DEBUG_INFORMATION_FORMAT = dwarf;
				ENABLE_STRICT_OBJC_MSGSEND = YES;
				ENABLE_TESTABILITY = YES;
				ENABLE_USER_SCRIPT_SANDBOXING = YES;
				GCC_C_LANGUAGE_STANDARD = gnu17;
				GCC_DYNAMIC_NO_PIC = NO;
				GCC_NO_COMMON_BLOCKS = YES;
				GCC_OPTIMIZATION_LEVEL = 0;
				GCC_PREPROCESSOR_DEFINITIONS = (
					"DEBUG=1",
					"$(inherited)",
				);
				GCC_WARN_64_TO_32_BIT_CONVERSION = YES;
				GCC_WARN_ABOUT_RETURN_TYPE = YES_ERROR;
				GCC_WARN_UNDECLARED_SELECTOR = YES;
				GCC_WARN_UNINITIALIZED_AUTOS = YES_AGGRESSIVE;
				GCC_WARN_UNUSED_FUNCTION = YES;
				GCC_WARN_UNUSED_VARIABLE = YES;
				LOCALIZATION_PREFERS_STRING_CATALOGS = YES;
				MTL_ENABLE_DEBUG_INFO = INCLUDE_SOURCE;
				MTL_FAST_MATH = YES;
				ONLY_ACTIVE_ARCH = YES;
				SWIFT_ACTIVE_COMPILATION_CONDITIONS = "DEBUG $(inherited)";
				SWIFT_OPTIMIZATION_LEVEL = "-Onone";
			};
			name = Debug;
		};
		5B01E4682AFFE08700C4BD58 /* Release */ = {
			isa = XCBuildConfiguration;
			buildSettings = {
				ALWAYS_SEARCH_USER_PATHS = NO;
				ASSETCATALOG_COMPILER_GENERATE_SWIFT_ASSET_SYMBOL_EXTENSIONS = YES;
				CLANG_ANALYZER_NONNULL = YES;
				CLANG_ANALYZER_NUMBER_OBJECT_CONVERSION = YES_AGGRESSIVE;
				CLANG_CXX_LANGUAGE_STANDARD = "gnu++20";
				CLANG_ENABLE_MODULES = YES;
				CLANG_ENABLE_OBJC_ARC = YES;
				CLANG_ENABLE_OBJC_WEAK = YES;
				CLANG_WARN_BLOCK_CAPTURE_AUTORELEASING = YES;
				CLANG_WARN_BOOL_CONVERSION = YES;
				CLANG_WARN_COMMA = YES;
				CLANG_WARN_CONSTANT_CONVERSION = YES;
				CLANG_WARN_DEPRECATED_OBJC_IMPLEMENTATIONS = YES;
				CLANG_WARN_DIRECT_OBJC_ISA_USAGE = YES_ERROR;
				CLANG_WARN_DOCUMENTATION_COMMENTS = YES;
				CLANG_WARN_EMPTY_BODY = YES;
				CLANG_WARN_ENUM_CONVERSION = YES;
				CLANG_WARN_INFINITE_RECURSION = YES;
				CLANG_WARN_INT_CONVERSION = YES;
				CLANG_WARN_NON_LITERAL_NULL_CONVERSION = YES;
				CLANG_WARN_OBJC_IMPLICIT_RETAIN_SELF = YES;
				CLANG_WARN_OBJC_LITERAL_CONVERSION = YES;
				CLANG_WARN_OBJC_ROOT_CLASS = YES_ERROR;
				CLANG_WARN_QUOTED_INCLUDE_IN_FRAMEWORK_HEADER = YES;
				CLANG_WARN_RANGE_LOOP_ANALYSIS = YES;
				CLANG_WARN_STRICT_PROTOTYPES = YES;
				CLANG_WARN_SUSPICIOUS_MOVE = YES;
				CLANG_WARN_UNGUARDED_AVAILABILITY = YES_AGGRESSIVE;
				CLANG_WARN_UNREACHABLE_CODE = YES;
				CLANG_WARN__DUPLICATE_METHOD_MATCH = YES;
				COPY_PHASE_STRIP = NO;
				DEBUG_INFORMATION_FORMAT = "dwarf-with-dsym";
				ENABLE_NS_ASSERTIONS = NO;
				ENABLE_STRICT_OBJC_MSGSEND = YES;
				ENABLE_USER_SCRIPT_SANDBOXING = YES;
				GCC_C_LANGUAGE_STANDARD = gnu17;
				GCC_NO_COMMON_BLOCKS = YES;
				GCC_WARN_64_TO_32_BIT_CONVERSION = YES;
				GCC_WARN_ABOUT_RETURN_TYPE = YES_ERROR;
				GCC_WARN_UNDECLARED_SELECTOR = YES;
				GCC_WARN_UNINITIALIZED_AUTOS = YES_AGGRESSIVE;
				GCC_WARN_UNUSED_FUNCTION = YES;
				GCC_WARN_UNUSED_VARIABLE = YES;
				LOCALIZATION_PREFERS_STRING_CATALOGS = YES;
				MTL_ENABLE_DEBUG_INFO = NO;
				MTL_FAST_MATH = YES;
				SWIFT_COMPILATION_MODE = wholemodule;
			};
			name = Release;
		};
		5B01E46A2AFFE08700C4BD58 /* Debug */ = {
			isa = XCBuildConfiguration;
			buildSettings = {
				ASSETCATALOG_COMPILER_APPICON_NAME = AppIcon;
				ASSETCATALOG_COMPILER_GLOBAL_ACCENT_COLOR_NAME = AccentColor;
				CODE_SIGN_ENTITLEMENTS = SunWave/SunWave.entitlements;
				CODE_SIGN_STYLE = Automatic;
				CURRENT_PROJECT_VERSION = 1;
				DEVELOPMENT_ASSET_PATHS = "\"SunWave/Preview Content\"";
				DEVELOPMENT_TEAM = A2Z64G4DVA;
				ENABLE_PREVIEWS = YES;
				GENERATE_INFOPLIST_FILE = YES;
				"INFOPLIST_KEY_UIApplicationSceneManifest_Generation[sdk=iphoneos*]" = YES;
				"INFOPLIST_KEY_UIApplicationSceneManifest_Generation[sdk=iphonesimulator*]" = YES;
				"INFOPLIST_KEY_UIApplicationSupportsIndirectInputEvents[sdk=iphoneos*]" = YES;
				"INFOPLIST_KEY_UIApplicationSupportsIndirectInputEvents[sdk=iphonesimulator*]" = YES;
				"INFOPLIST_KEY_UILaunchScreen_Generation[sdk=iphoneos*]" = YES;
				"INFOPLIST_KEY_UILaunchScreen_Generation[sdk=iphonesimulator*]" = YES;
				"INFOPLIST_KEY_UIStatusBarStyle[sdk=iphoneos*]" = UIStatusBarStyleDefault;
				"INFOPLIST_KEY_UIStatusBarStyle[sdk=iphonesimulator*]" = UIStatusBarStyleDefault;
				INFOPLIST_KEY_UISupportedInterfaceOrientations_iPad = "UIInterfaceOrientationPortrait UIInterfaceOrientationPortraitUpsideDown UIInterfaceOrientationLandscapeLeft UIInterfaceOrientationLandscapeRight";
				INFOPLIST_KEY_UISupportedInterfaceOrientations_iPhone = "UIInterfaceOrientationPortrait UIInterfaceOrientationLandscapeLeft UIInterfaceOrientationLandscapeRight";
				IPHONEOS_DEPLOYMENT_TARGET = 17.0;
				LD_RUNPATH_SEARCH_PATHS = "@executable_path/Frameworks";
				"LD_RUNPATH_SEARCH_PATHS[sdk=macosx*]" = "@executable_path/../Frameworks";
				MACOSX_DEPLOYMENT_TARGET = 14.0;
				MARKETING_VERSION = 1.0;
				PRODUCT_BUNDLE_IDENTIFIER = com.arash.SunWave;
				PRODUCT_NAME = "$(TARGET_NAME)";
				SDKROOT = auto;
				SUPPORTED_PLATFORMS = "iphoneos iphonesimulator";
				SUPPORTS_MACCATALYST = NO;
				SWIFT_EMIT_LOC_STRINGS = YES;
				SWIFT_VERSION = 5.0;
				TARGETED_DEVICE_FAMILY = 1;
			};
			name = Debug;
		};
		5B01E46B2AFFE08700C4BD58 /* Release */ = {
			isa = XCBuildConfiguration;
			buildSettings = {
				ASSETCATALOG_COMPILER_APPICON_NAME = AppIcon;
				ASSETCATALOG_COMPILER_GLOBAL_ACCENT_COLOR_NAME = AccentColor;
				CODE_SIGN_ENTITLEMENTS = SunWave/SunWave.entitlements;
				CODE_SIGN_STYLE = Automatic;
				CURRENT_PROJECT_VERSION = 1;
				DEVELOPMENT_ASSET_PATHS = "\"SunWave/Preview Content\"";
				DEVELOPMENT_TEAM = A2Z64G4DVA;
				ENABLE_PREVIEWS = YES;
				GENERATE_INFOPLIST_FILE = YES;
				"INFOPLIST_KEY_UIApplicationSceneManifest_Generation[sdk=iphoneos*]" = YES;
				"INFOPLIST_KEY_UIApplicationSceneManifest_Generation[sdk=iphonesimulator*]" = YES;
				"INFOPLIST_KEY_UIApplicationSupportsIndirectInputEvents[sdk=iphoneos*]" = YES;
				"INFOPLIST_KEY_UIApplicationSupportsIndirectInputEvents[sdk=iphonesimulator*]" = YES;
				"INFOPLIST_KEY_UILaunchScreen_Generation[sdk=iphoneos*]" = YES;
				"INFOPLIST_KEY_UILaunchScreen_Generation[sdk=iphonesimulator*]" = YES;
				"INFOPLIST_KEY_UIStatusBarStyle[sdk=iphoneos*]" = UIStatusBarStyleDefault;
				"INFOPLIST_KEY_UIStatusBarStyle[sdk=iphonesimulator*]" = UIStatusBarStyleDefault;
				INFOPLIST_KEY_UISupportedInterfaceOrientations_iPad = "UIInterfaceOrientationPortrait UIInterfaceOrientationPortraitUpsideDown UIInterfaceOrientationLandscapeLeft UIInterfaceOrientationLandscapeRight";
				INFOPLIST_KEY_UISupportedInterfaceOrientations_iPhone = "UIInterfaceOrientationPortrait UIInterfaceOrientationLandscapeLeft UIInterfaceOrientationLandscapeRight";
				IPHONEOS_DEPLOYMENT_TARGET = 17.0;
				LD_RUNPATH_SEARCH_PATHS = "@executable_path/Frameworks";
				"LD_RUNPATH_SEARCH_PATHS[sdk=macosx*]" = "@executable_path/../Frameworks";
				MACOSX_DEPLOYMENT_TARGET = 14.0;
				MARKETING_VERSION = 1.0;
				PRODUCT_BUNDLE_IDENTIFIER = com.arash.SunWave;
				PRODUCT_NAME = "$(TARGET_NAME)";
				SDKROOT = auto;
				SUPPORTED_PLATFORMS = "iphoneos iphonesimulator";
				SUPPORTS_MACCATALYST = NO;
				SWIFT_EMIT_LOC_STRINGS = YES;
				SWIFT_VERSION = 5.0;
				TARGETED_DEVICE_FAMILY = 1;
			};
			name = Release;
		};
/* End XCBuildConfiguration section */

/* Begin XCConfigurationList section */
		5B01E4552AFFE08600C4BD58 /* Build configuration list for PBXProject "SunWave" */ = {
			isa = XCConfigurationList;
			buildConfigurations = (
				5B01E4672AFFE08700C4BD58 /* Debug */,
				5B01E4682AFFE08700C4BD58 /* Release */,
			);
			defaultConfigurationIsVisible = 0;
			defaultConfigurationName = Release;
		};
		5B01E4692AFFE08700C4BD58 /* Build configuration list for PBXNativeTarget "SunWave" */ = {
			isa = XCConfigurationList;
			buildConfigurations = (
				5B01E46A2AFFE08700C4BD58 /* Debug */,
				5B01E46B2AFFE08700C4BD58 /* Release */,
			);
			defaultConfigurationIsVisible = 0;
			defaultConfigurationName = Release;
		};
/* End XCConfigurationList section */
	};
	rootObject = 5B01E4522AFFE08600C4BD58 /* Project object */;
}
